
Microsoft Visual Studio Solution File, Format Version 12.00
# Visual Studio Version 17
VisualStudioVersion = 17.14.36414.22 d17.14
MinimumVisualStudioVersion = 10.0.40219.1
Project("{FAE04EC0-301F-11D3-BF4B-00C04F79EFBC}") = "Project", "Project\Project.csproj", "{17057458-CA1C-43F2-86D3-7DE29E426596}"
EndProject
Global
	GlobalSection(SolutionConfigurationPlatforms) = preSolution
		Debug|Any CPU = Debug|Any CPU
		Release|Any CPU = Release|Any CPU
	EndGlobalSection
	GlobalSection(ProjectConfigurationPlatforms) = postSolution
		{17057458-CA1C-43F2-86D3-7DE29E426596}.Debug|Any CPU.ActiveCfg = Debug|Any CPU
		{17057458-CA1C-43F2-86D3-7DE29E426596}.Debug|Any CPU.Build.0 = Debug|Any CPU
		{17057458-CA1C-43F2-86D3-7DE29E426596}.Release|Any CPU.ActiveCfg = Release|Any CPU
		{17057458-CA1C-43F2-86D3-7DE29E426596}.Release|Any CPU.Build.0 = Release|Any CPU
	EndGlobalSection
	GlobalSection(SolutionProperties) = preSolution
		HideSolutionNode = FALSE
	EndGlobalSection
	GlobalSection(ExtensibilityGlobals) = postSolution
		SolutionGuid = {C5EC61EF-0CE5-427B-8B20-E4565D53F728}
	EndGlobalSection
EndGlobal
